# @generated - this file is auto-generated by `mise lock` https://mise.en.dev/dev-tools/mise-lock.html

[[tools.markdownlint-cli2]]
version = "0.22.1"
backend = "npm:markdownlint-cli2"

[[tools.node]]
version = "26.1.0"
backend = "core:node"

[tools.node."platforms.linux-arm64"]
checksum = "sha256:fcb4c339eef70c909cae72091008a6497278e2d0fcd221c0653068cf4ea4f0c7"
url = "https://nodejs.org/dist/v26.1.0/node-v26.1.0-linux-arm64.tar.gz"

[tools.node."platforms.linux-arm64-musl"]
checksum = "sha256:7ced1d983bbb9245c97dbc7de329663da49bd88aca6f7baaed9baf2f6fac7d33"
url = "https://unofficial-builds.nodejs.org/download/release/v26.1.0/node-v26.1.0-linux-arm64-musl.tar.gz"

[tools.node."platforms.linux-x64"]
checksum = "sha256:62d555c329e05e3625109f2e3a8b5195b368d5ef38266292469d32f63cd98ffd"
url = "https://nodejs.org/dist/v26.1.0/node-v26.1.0-linux-x64.tar.gz"

[tools.node."platforms.linux-x64-musl"]
checksum = "sha256:e302e820cea1007dfe68f5faaa23c8ed5a7099ad48cf068d6debf3d4958faaef"
url = "https://unofficial-builds.nodejs.org/download/release/v26.1.0/node-v26.1.0-linux-x64-musl.tar.gz"

[tools.node."platforms.macos-arm64"]
checksum = "sha256:91063f665c2f5d6e69e4f8fcb66d3d476bc2785ace82267274bf4da789985ceb"
url = "https://nodejs.org/dist/v26.1.0/node-v26.1.0-darwin-arm64.tar.gz"

[tools.node."platforms.macos-x64"]
checksum = "sha256:33519b28a352de668ab0a2a64366db032a45cb629d5353f86e4576e2780f4fcf"
url = "https://nodejs.org/dist/v26.1.0/node-v26.1.0-darwin-x64.tar.gz"

[tools.node."platforms.windows-x64"]
checksum = "sha256:089a02c4c687451c9f0b7f1bfd252dae85a7ba27df0295a14096bdcc956fdc92"
url = "https://nodejs.org/dist/v26.1.0/node-v26.1.0-win-x64.zip"

[[tools.pnpm]]
version = "11.0.9"
backend = "aqua:pnpm/pnpm"

[tools.pnpm."platforms.linux-arm64"]
checksum = "sha256:eeb0ccc8652aa21f87ebf656724f1f3a0553e898c35699b0040698252262823e"
url = "https://github.com/pnpm/pnpm/releases/download/v11.0.9/pnpm-linux-arm64.tar.gz"
provenance = "github-attestations"

[tools.pnpm."platforms.linux-arm64-musl"]
checksum = "sha256:c9dd4f1a2049590a820e429370231b9bf7170fcedf88de8f081caefb00d8b947"
url = "https://github.com/pnpm/pnpm/releases/download/v11.0.9/pnpm-linux-arm64-musl.tar.gz"
provenance = "github-attestations"

[tools.pnpm."platforms.linux-x64"]
checksum = "sha256:ec84b7750ed24a47e55b71fba528499862bddaf8d9770b2f58a294b8692a8cbf"
url = "https://github.com/pnpm/pnpm/releases/download/v11.0.9/pnpm-linux-x64.tar.gz"
provenance = "github-attestations"

[tools.pnpm."platforms.linux-x64-musl"]
checksum = "sha256:964f716be77cab7cbd796a72bc2ec60703bccdfc8ac524fb3b5cbe7a105799b0"
url = "https://github.com/pnpm/pnpm/releases/download/v11.0.9/pnpm-linux-x64-musl.tar.gz"
provenance = "github-attestations"

[tools.pnpm."platforms.macos-arm64"]
checksum = "sha256:b7264bfdcbcee37d8fb302256fae799dd067f4e8996d7202fcb4a5a3ee2665f7"
url = "https://github.com/pnpm/pnpm/releases/download/v11.0.9/pnpm-darwin-arm64.tar.gz"
provenance = "github-attestations"

[tools.pnpm."platforms.windows-x64"]
checksum = "sha256:608c56dc746444f133ca901a5a0a32be779d28dcbcf4e7d7bf48372b005b907a"
url = "https://github.com/pnpm/pnpm/releases/download/v11.0.9/pnpm-win32-x64.zip"
provenance = "github-attestations"

[[tools.rumdl]]
version = "0.1.91"
backend = "aqua:rvben/rumdl"

[tools.rumdl."platforms.linux-arm64"]
checksum = "sha256:ff9ae4aca45bd4a17925e288c75d18986e377cba26831ad42fd3c440234925c5"
url = "https://github.com/rvben/rumdl/releases/download/v0.1.91/rumdl-v0.1.91-aarch64-unknown-linux-gnu.tar.gz"
url_api = "https://api.github.com/repos/rvben/rumdl/releases/assets/414583557"
provenance = "github-attestations"

[tools.rumdl."platforms.linux-arm64-musl"]
checksum = "sha256:557622478319cb1ac26b5f5d7f098aeb388f9afaf6745ea6b57c16e77f3dfbcd"
url = "https://github.com/rvben/rumdl/releases/download/v0.1.91/rumdl-v0.1.91-aarch64-unknown-linux-musl.tar.gz"
url_api = "https://api.github.com/repos/rvben/rumdl/releases/assets/414583556"
provenance = "github-attestations"

[tools.rumdl."platforms.linux-x64"]
checksum = "sha256:768b23ab9cd9dcbce3d8182068e133b59c4336d36328c1eb30721c55bfcc92c2"
url = "https://github.com/rvben/rumdl/releases/download/v0.1.91/rumdl-v0.1.91-x86_64-unknown-linux-gnu.tar.gz"
url_api = "https://api.github.com/repos/rvben/rumdl/releases/assets/414583555"
provenance = "github-attestations"

[tools.rumdl."platforms.linux-x64-musl"]
checksum = "sha256:8960bab583eacef66892b0d0ee1f4aa408964ecb1c8f1bcc5d1b0db324d2bccf"
url = "https://github.com/rvben/rumdl/releases/download/v0.1.91/rumdl-v0.1.91-x86_64-unknown-linux-musl.tar.gz"
url_api = "https://api.github.com/repos/rvben/rumdl/releases/assets/414583554"
provenance = "github-attestations"

[tools.rumdl."platforms.macos-arm64"]
checksum = "sha256:3b0df799fcd343e94958ad655dd41ba0fb02c314124ee57e2ccba615b4e326f3"
url = "https://github.com/rvben/rumdl/releases/download/v0.1.91/rumdl-v0.1.91-aarch64-apple-darwin.tar.gz"
url_api = "https://api.github.com/repos/rvben/rumdl/releases/assets/414583548"
provenance = "github-attestations"

[tools.rumdl."platforms.macos-x64"]
checksum = "sha256:7af96d7bede355d713ae9c731febc65ae00f215894d363891b2a24ce91752832"
url = "https://github.com/rvben/rumdl/releases/download/v0.1.91/rumdl-v0.1.91-x86_64-apple-darwin.tar.gz"
url_api = "https://api.github.com/repos/rvben/rumdl/releases/assets/414583546"
provenance = "github-attestations"

[tools.rumdl."platforms.windows-x64"]
checksum = "sha256:0f12ba7d7976f6bc8d7f630fae8fd99e7dc2029d5e638c505c36091f8f790f3a"
url = "https://github.com/rvben/rumdl/releases/download/v0.1.91/rumdl-v0.1.91-x86_64-pc-windows-msvc.zip"
url_api = "https://api.github.com/repos/rvben/rumdl/releases/assets/414583553"
provenance = "github-attestations"

[[tools.shfmt]]
version = "3.13.1"
backend = "aqua:mvdan/sh"

[tools.shfmt."platforms.linux-arm64"]
checksum = "sha256:32d92acaa5cd8abb29fc49dac123dc412442d5713967819d8af2c29f1b3857c7"
url = "https://github.com/mvdan/sh/releases/download/v3.13.1/shfmt_v3.13.1_linux_arm64"

[tools.shfmt."platforms.linux-arm64-musl"]
checksum = "sha256:32d92acaa5cd8abb29fc49dac123dc412442d5713967819d8af2c29f1b3857c7"
url = "https://github.com/mvdan/sh/releases/download/v3.13.1/shfmt_v3.13.1_linux_arm64"

[tools.shfmt."platforms.linux-x64"]
checksum = "sha256:fb096c5d1ac6beabbdbaa2874d025badb03ee07929f0c9ff67563ce8c75398b1"
url = "https://github.com/mvdan/sh/releases/download/v3.13.1/shfmt_v3.13.1_linux_amd64"

[tools.shfmt."platforms.linux-x64-musl"]
checksum = "sha256:fb096c5d1ac6beabbdbaa2874d025badb03ee07929f0c9ff67563ce8c75398b1"
url = "https://github.com/mvdan/sh/releases/download/v3.13.1/shfmt_v3.13.1_linux_amd64"

[tools.shfmt."platforms.macos-arm64"]
checksum = "sha256:9680526be4a66ea1ffe988ed08af58e1400fe1e4f4aef5bd88b20bb9b3da33f8"
url = "https://github.com/mvdan/sh/releases/download/v3.13.1/shfmt_v3.13.1_darwin_arm64"

[tools.shfmt."platforms.macos-x64"]
checksum = "sha256:6feedafc72915794163114f512348e2437d080d0047ef8b8fa2ec63b575f12af"
url = "https://github.com/mvdan/sh/releases/download/v3.13.1/shfmt_v3.13.1_darwin_amd64"

[tools.shfmt."platforms.windows-x64"]
checksum = "sha256:60cd368533d0ad73fa86d93d5bbf95ef40587245ce684ed138c1b31557b5fe97"
url = "https://github.com/mvdan/sh/releases/download/v3.13.1/shfmt_v3.13.1_windows_amd64.exe"

[[tools.taplo]]
version = "0.10.0"
backend = "aqua:tamasfe/taplo"

[tools.taplo."platforms.linux-arm64"]
url = "https://github.com/tamasfe/taplo/releases/download/0.10.0/taplo-linux-aarch64.gz"

[tools.taplo."platforms.linux-arm64-musl"]
url = "https://github.com/tamasfe/taplo/releases/download/0.10.0/taplo-linux-aarch64.gz"

[tools.taplo."platforms.linux-x64"]
url = "https://github.com/tamasfe/taplo/releases/download/0.10.0/taplo-linux-x86_64.gz"

[tools.taplo."platforms.linux-x64-musl"]
url = "https://github.com/tamasfe/taplo/releases/download/0.10.0/taplo-linux-x86_64.gz"

[tools.taplo."platforms.macos-arm64"]
url = "https://github.com/tamasfe/taplo/releases/download/0.10.0/taplo-darwin-aarch64.gz"

[tools.taplo."platforms.macos-x64"]
url = "https://github.com/tamasfe/taplo/releases/download/0.10.0/taplo-darwin-x86_64.gz"

[tools.taplo."platforms.windows-x64"]
url = "https://github.com/tamasfe/taplo/releases/download/0.10.0/taplo-windows-x86_64.zip"
