lockfile_version: '1'
generated_at: '2026-05-27T19:02:43.149895+00:00'
apm_version: 0.13.0
dependencies:
- repo_url: Caromaf/agent-package-basic
  host: github.com
  resolved_commit: e2608db40ddbee4fc3ae45bbbc43d7277ba18894
  resolved_ref: main
  virtual_path: packages/breaking-change-in-php-framework
  is_virtual: true
  package_type: apm_package
  deployed_files:
  - .claude/skills/breaking-change-in-php-framework
  - .codex/skills/breaking-change-in-php-framework
  - .copilot/skills/breaking-change-in-php-framework
  - .cursor/skills/breaking-change-in-php-framework
  - .gemini/skills/breaking-change-in-php-framework
  content_hash: sha256:ca57a331950ca02f8f95c2057434be942935c883e18c1b4b6e33ac8a0a4d985a
- repo_url: Caromaf/agent-package-basic
  host: github.com
  resolved_commit: e2608db40ddbee4fc3ae45bbbc43d7277ba18894
  resolved_ref: main
  virtual_path: packages/close-issue
  is_virtual: true
  package_type: apm_package
  deployed_files:
  - .claude/skills/close-issue
  - .codex/skills/close-issue
  - .copilot/skills/close-issue
  - .cursor/skills/close-issue
  - .gemini/skills/close-issue
  content_hash: sha256:dc95167c8728b4dde0231fc9454cf441a5822671743d5d74f0159462e5f40ec4
- repo_url: Caromaf/agent-package-basic
  host: github.com
  resolved_commit: e2608db40ddbee4fc3ae45bbbc43d7277ba18894
  resolved_ref: main
  virtual_path: packages/codex-review
  is_virtual: true
  package_type: apm_package
  deployed_files:
  - .claude/skills/codex-review
  - .codex/skills/codex-review
  - .copilot/skills/codex-review
  - .cursor/skills/codex-review
  - .gemini/skills/codex-review
  content_hash: sha256:a57252cb94adef2787d47f68b2f286cb553c4ffab45f88b0496f0fdded084e0d
- repo_url: Caromaf/agent-package-basic
  host: github.com
  resolved_commit: e2608db40ddbee4fc3ae45bbbc43d7277ba18894
  resolved_ref: main
  virtual_path: packages/create-issue
  is_virtual: true
  package_type: apm_package
  deployed_files:
  - .claude/skills/create-issue
  - .codex/skills/create-issue
  - .copilot/skills/create-issue
  - .cursor/skills/create-issue
  - .gemini/skills/create-issue
  content_hash: sha256:3e6c12001eef6bd9aedf141ec61adf5bc2c28bfbc91b8ffa0af5ce741ac17a67
- repo_url: Caromaf/agent-package-basic
  host: github.com
  resolved_commit: e2608db40ddbee4fc3ae45bbbc43d7277ba18894
  resolved_ref: main
  virtual_path: packages/discover
  is_virtual: true
  package_type: apm_package
  deployed_files:
  - .claude/skills/discover
  - .codex/skills/discover
  - .copilot/skills/discover
  - .cursor/skills/discover
  - .gemini/skills/discover
  content_hash: sha256:8aeb2ec60df14cb1cde9e0e85232efd2052f33d72d16c2be6256b44048c06e4a
- repo_url: Caromaf/agent-package-basic
  host: github.com
  resolved_commit: e2608db40ddbee4fc3ae45bbbc43d7277ba18894
  resolved_ref: main
  virtual_path: packages/framework-changelog
  is_virtual: true
  package_type: apm_package
  deployed_files:
  - .claude/skills/framework-changelog
  - .codex/skills/framework-changelog
  - .copilot/skills/framework-changelog
  - .cursor/skills/framework-changelog
  - .gemini/skills/framework-changelog
  content_hash: sha256:9ec02f16a9262d3b531324a897deac9d77567fc897e5f9a71eaa815225923151
- repo_url: Caromaf/agent-package-basic
  host: github.com
  resolved_commit: e2608db40ddbee4fc3ae45bbbc43d7277ba18894
  resolved_ref: main
  virtual_path: packages/frontend-aesthetics
  is_virtual: true
  package_type: apm_package
  deployed_files:
  - .claude/skills/frontend-aesthetics
  - .codex/skills/frontend-aesthetics
  - .copilot/skills/frontend-aesthetics
  - .cursor/skills/frontend-aesthetics
  - .gemini/skills/frontend-aesthetics
  content_hash: sha256:62522a8f35fb33c843163356731dcb2312a9f510822ac869f9f5297c2e89cfb0
- repo_url: Caromaf/agent-package-basic
  host: github.com
  resolved_commit: e2608db40ddbee4fc3ae45bbbc43d7277ba18894
  resolved_ref: main
  virtual_path: packages/gh-link-subissues
  is_virtual: true
  package_type: apm_package
  deployed_files:
  - .claude/skills/gh-link-subissues
  - .codex/skills/gh-link-subissues
  - .copilot/skills/gh-link-subissues
  - .cursor/skills/gh-link-subissues
  - .gemini/skills/gh-link-subissues
  content_hash: sha256:d2fc30c09481bfcc671d66c3023e599024fe0b46b6d7b0b321a137a28e690d6e
- repo_url: Caromaf/agent-package-basic
  host: github.com
  resolved_commit: e2608db40ddbee4fc3ae45bbbc43d7277ba18894
  resolved_ref: main
  virtual_path: packages/gh-unlink-subissue
  is_virtual: true
  package_type: apm_package
  deployed_files:
  - .claude/skills/gh-unlink-subissue
  - .codex/skills/gh-unlink-subissue
  - .copilot/skills/gh-unlink-subissue
  - .cursor/skills/gh-unlink-subissue
  - .gemini/skills/gh-unlink-subissue
  content_hash: sha256:241b629adee8399a4565283232dbfe47e3586f9189c92aebcac91a0601a10651
- repo_url: Caromaf/agent-package-basic
  host: github.com
  resolved_commit: e2608db40ddbee4fc3ae45bbbc43d7277ba18894
  resolved_ref: main
  virtual_path: packages/mise-tasks
  is_virtual: true
  package_type: apm_package
  deployed_files:
  - .claude/skills/mise-tasks
  - .codex/skills/mise-tasks
  - .copilot/skills/mise-tasks
  - .cursor/skills/mise-tasks
  - .gemini/skills/mise-tasks
  content_hash: sha256:80cde19d576a5698d364bb96084c0f312b7d6cb2b0756ac2292f44e98d369fd3
- repo_url: Caromaf/agent-package-basic
  host: github.com
  resolved_commit: e2608db40ddbee4fc3ae45bbbc43d7277ba18894
  resolved_ref: main
  virtual_path: packages/release-execute
  is_virtual: true
  package_type: apm_package
  deployed_files:
  - .claude/skills/release-execute
  - .codex/skills/release-execute
  - .copilot/skills/release-execute
  - .cursor/skills/release-execute
  - .gemini/skills/release-execute
  content_hash: sha256:259d3c424b0c470e026d3bbca28f33643257d71257659d11fcd40e04e769079b
- repo_url: Caromaf/agent-package-basic
  host: github.com
  resolved_commit: e2608db40ddbee4fc3ae45bbbc43d7277ba18894
  resolved_ref: main
  virtual_path: packages/release-prepare
  is_virtual: true
  package_type: apm_package
  deployed_files:
  - .claude/skills/release-prepare
  - .codex/skills/release-prepare
  - .copilot/skills/release-prepare
  - .cursor/skills/release-prepare
  - .gemini/skills/release-prepare
  content_hash: sha256:3f4e578c28bebb8e16dcfc266c785983f8d71e0a1540f42fe5667892599dd727
- repo_url: Caromaf/agent-package-basic
  host: github.com
  resolved_commit: e2608db40ddbee4fc3ae45bbbc43d7277ba18894
  resolved_ref: main
  virtual_path: packages/respond-pr
  is_virtual: true
  package_type: apm_package
  deployed_files:
  - .claude/skills/respond-pr
  - .codex/skills/respond-pr
  - .copilot/skills/respond-pr
  - .cursor/skills/respond-pr
  - .gemini/skills/respond-pr
  content_hash: sha256:47c80717228a8e550e4e1a9c4229d5ad0cbb0cd4592e9198250fe508b571250a
- repo_url: Caromaf/agent-package-basic
  host: github.com
  resolved_commit: e2608db40ddbee4fc3ae45bbbc43d7277ba18894
  resolved_ref: main
  virtual_path: packages/review-design-doc
  is_virtual: true
  package_type: apm_package
  deployed_files:
  - .claude/skills/review-design-doc
  - .codex/skills/review-design-doc
  - .copilot/skills/review-design-doc
  - .cursor/skills/review-design-doc
  - .gemini/skills/review-design-doc
  content_hash: sha256:91f82a43a9553b5e45d39fe9b890970d459f465d1b9441df7fdd8cde590389f2
- repo_url: Caromaf/agent-package-basic
  host: github.com
  resolved_commit: e2608db40ddbee4fc3ae45bbbc43d7277ba18894
  resolved_ref: main
  virtual_path: packages/review-pr
  is_virtual: true
  package_type: apm_package
  deployed_files:
  - .claude/skills/review-pr
  - .codex/skills/review-pr
  - .copilot/skills/review-pr
  - .cursor/skills/review-pr
  - .gemini/skills/review-pr
  content_hash: sha256:616a5ee29c57804455a42abcd95b5a40d155592603fa5a2df448cf03ca7126da
- repo_url: Caromaf/agent-package-basic
  host: github.com
  resolved_commit: e2608db40ddbee4fc3ae45bbbc43d7277ba18894
  resolved_ref: main
  virtual_path: packages/scaffold
  is_virtual: true
  package_type: apm_package
  deployed_files:
  - .claude/skills/scaffold
  - .codex/skills/scaffold
  - .copilot/skills/scaffold
  - .cursor/skills/scaffold
  - .gemini/skills/scaffold
  content_hash: sha256:2c09d9a14b524816fc5aaad1e7e877a62de46f3b382ecf9f21c91e5c49ef6fa1
- repo_url: Caromaf/agent-package-basic
  host: github.com
  resolved_commit: e2608db40ddbee4fc3ae45bbbc43d7277ba18894
  resolved_ref: main
  virtual_path: packages/solve-issue
  is_virtual: true
  package_type: apm_package
  deployed_files:
  - .claude/skills/solve-issue
  - .codex/skills/solve-issue
  - .copilot/skills/solve-issue
  - .cursor/skills/solve-issue
  - .gemini/skills/solve-issue
  content_hash: sha256:ddbfe57752e01e6254c7d4d1320cf262e00c69210c9081c7bb3c6ccab341ccb9
- repo_url: Caromaf/agent-package-basic
  host: github.com
  resolved_commit: e2608db40ddbee4fc3ae45bbbc43d7277ba18894
  resolved_ref: main
  virtual_path: packages/use-interesting-fonts
  is_virtual: true
  package_type: apm_package
  deployed_files:
  - .claude/skills/use-interesting-fonts
  - .codex/skills/use-interesting-fonts
  - .copilot/skills/use-interesting-fonts
  - .cursor/skills/use-interesting-fonts
  - .gemini/skills/use-interesting-fonts
  content_hash: sha256:69c3a8ac9b2ee0c06dfd6427ea606c48d6a6a779d853c15b98172529ef8804ac
- repo_url: Caromaf/agent-package-basic
  host: github.com
  resolved_commit: e2608db40ddbee4fc3ae45bbbc43d7277ba18894
  resolved_ref: main
  virtual_path: packages/ux-review
  is_virtual: true
  package_type: apm_package
  deployed_files:
  - .claude/skills/ux-review
  - .codex/skills/ux-review
  - .copilot/skills/ux-review
  - .cursor/skills/ux-review
  - .gemini/skills/ux-review
  content_hash: sha256:538e89ebaf2b6ba2298568819db6a7cbbe457190375b4bb65e2daacdb7eac113
- repo_url: Caromaf/agent-package-basic
  host: github.com
  resolved_commit: e2608db40ddbee4fc3ae45bbbc43d7277ba18894
  resolved_ref: main
  virtual_path: packages/with-codex-skills
  is_virtual: true
  package_type: apm_package
  deployed_files:
  - .claude/skills/with-codex-skills
  - .codex/skills/with-codex-skills
  - .copilot/skills/with-codex-skills
  - .cursor/skills/with-codex-skills
  - .gemini/skills/with-codex-skills
  content_hash: sha256:58f7bf57783d72a94dd4c165b7fb54dca0398b5d2bbd216460584dd29dfe513b
- repo_url: Caromaf/agent-package-basic
  host: github.com
  resolved_commit: e2608db40ddbee4fc3ae45bbbc43d7277ba18894
  resolved_ref: main
  virtual_path: packages/worktree
  is_virtual: true
  package_type: apm_package
  deployed_files:
  - .claude/skills/worktree
  - .codex/skills/worktree
  - .copilot/skills/worktree
  - .cursor/skills/worktree
  - .gemini/skills/worktree
  content_hash: sha256:e0592452b298fe1a06d9371aa4be342d24b0a385ab62ac529016047837761cb0
